{
  "requires": true,
  "lockfileVersion": 1,
  "dependencies": {
    "flask": {
      "version": "0.2.10",
      "resolved": "https://registry.npmjs.org/flask/-/flask-0.2.10.tgz",
      "integrity": "sha1-9fWkLP1YownjfGfAo5YXqBnl4bc="
    },
    "selenium": {
      "version": "2.20.0",
      "resolved": "https://registry.npmjs.org/selenium/-/selenium-2.20.0.tgz",
      "integrity": "sha1-9RWxoWLek8LM7y/AyjPztVQ+OMg="
    }
  }
}
